
Microsoft Visual Studio Solution File, Format Version 12.00
# Visual Studio Version 17
VisualStudioVersion = 17.2.32630.192
MinimumVisualStudioVersion = 10.0.40219.1
Project("{FAE04EC0-301F-11D3-BF4B-00C04F79EFBC}") = "LeetCodeSandbox", "LeetCodeSandbox\LeetCodeSandbox.csproj", "{E76C2609-3A5B-42A0-AC54-78D0E2DD104B}"
EndProject
Project("{FAE04EC0-301F-11D3-BF4B-00C04F79EFBC}") = "LeetCodeSandboxTests", "LeetCodeSandboxTests\LeetCodeSandboxTests.csproj", "{87E615E5-32E5-16B1-2BC8-B274B0D507B8}"
EndProject
Project("{FAE04EC0-301F-11D3-BF4B-00C04F79EFBC}") = "Arrays", "Arrays\Arrays.csproj", "{4D99E285-D41E-40C2-9944-FC5ACA8E4690}"
EndProject
Project("{FAE04EC0-301F-11D3-BF4B-00C04F79EFBC}") = "HashMaps", "HashMaps\HashMaps.csproj", "{092B3634-9948-4FAE-87C5-7B36182EE033}"
EndProject
Project("{FAE04EC0-301F-11D3-BF4B-00C04F79EFBC}") = "TreesAndGraphs", "TreesAndGraphs\TreesAndGraphs.csproj", "{377FC379-3ADF-4D36-9BB8-A987E8BC7616}"
EndProject
Global
	GlobalSection(SolutionConfigurationPlatforms) = preSolution
		Debug|Any CPU = Debug|Any CPU
		Release|Any CPU = Release|Any CPU
	EndGlobalSection
	GlobalSection(ProjectConfigurationPlatforms) = postSolution
		{E76C2609-3A5B-42A0-AC54-78D0E2DD104B}.Debug|Any CPU.ActiveCfg = Debug|Any CPU
		{E76C2609-3A5B-42A0-AC54-78D0E2DD104B}.Debug|Any CPU.Build.0 = Debug|Any CPU
		{E76C2609-3A5B-42A0-AC54-78D0E2DD104B}.Release|Any CPU.ActiveCfg = Release|Any CPU
		{E76C2609-3A5B-42A0-AC54-78D0E2DD104B}.Release|Any CPU.Build.0 = Release|Any CPU
		{87E615E5-32E5-16B1-2BC8-B274B0D507B8}.Debug|Any CPU.ActiveCfg = Debug|Any CPU
		{87E615E5-32E5-16B1-2BC8-B274B0D507B8}.Debug|Any CPU.Build.0 = Debug|Any CPU
		{87E615E5-32E5-16B1-2BC8-B274B0D507B8}.Release|Any CPU.ActiveCfg = Release|Any CPU
		{87E615E5-32E5-16B1-2BC8-B274B0D507B8}.Release|Any CPU.Build.0 = Release|Any CPU
		{4D99E285-D41E-40C2-9944-FC5ACA8E4690}.Debug|Any CPU.ActiveCfg = Debug|Any CPU
		{4D99E285-D41E-40C2-9944-FC5ACA8E4690}.Debug|Any CPU.Build.0 = Debug|Any CPU
		{4D99E285-D41E-40C2-9944-FC5ACA8E4690}.Release|Any CPU.ActiveCfg = Release|Any CPU
		{4D99E285-D41E-40C2-9944-FC5ACA8E4690}.Release|Any CPU.Build.0 = Release|Any CPU
		{092B3634-9948-4FAE-87C5-7B36182EE033}.Debug|Any CPU.ActiveCfg = Debug|Any CPU
		{092B3634-9948-4FAE-87C5-7B36182EE033}.Debug|Any CPU.Build.0 = Debug|Any CPU
		{092B3634-9948-4FAE-87C5-7B36182EE033}.Release|Any CPU.ActiveCfg = Release|Any CPU
		{092B3634-9948-4FAE-87C5-7B36182EE033}.Release|Any CPU.Build.0 = Release|Any CPU
		{377FC379-3ADF-4D36-9BB8-A987E8BC7616}.Debug|Any CPU.ActiveCfg = Debug|Any CPU
		{377FC379-3ADF-4D36-9BB8-A987E8BC7616}.Debug|Any CPU.Build.0 = Debug|Any CPU
		{377FC379-3ADF-4D36-9BB8-A987E8BC7616}.Release|Any CPU.ActiveCfg = Release|Any CPU
		{377FC379-3ADF-4D36-9BB8-A987E8BC7616}.Release|Any CPU.Build.0 = Release|Any CPU
	EndGlobalSection
	GlobalSection(SolutionProperties) = preSolution
		HideSolutionNode = FALSE
	EndGlobalSection
	GlobalSection(ExtensibilityGlobals) = postSolution
		SolutionGuid = {54D803DE-D600-4C6A-BF5E-88EEC479F10A}
	EndGlobalSection
EndGlobal
