
Microsoft Visual Studio Solution File, Format Version 12.00
# Visual Studio Version 17
VisualStudioVersion = 17.2.32630.192
MinimumVisualStudioVersion = 10.0.40219.1
Project("{FAE04EC0-301F-11D3-BF4B-00C04F79EFBC}") = "LeetCodeSandbox", "LeetCodeSandbox\LeetCodeSandbox.csproj", "{E76C2609-3A5B-42A0-AC54-78D0E2DD104B}"
EndProject
Global
	GlobalSection(SolutionConfigurationPlatforms) = preSolution
		Debug|Any CPU = Debug|Any CPU
		Release|Any CPU = Release|Any CPU
	EndGlobalSection
	GlobalSection(ProjectConfigurationPlatforms) = postSolution
		{E76C2609-3A5B-42A0-AC54-78D0E2DD104B}.Debug|Any CPU.ActiveCfg = Debug|Any CPU
		{E76C2609-3A5B-42A0-AC54-78D0E2DD104B}.Debug|Any CPU.Build.0 = Debug|Any CPU
		{E76C2609-3A5B-42A0-AC54-78D0E2DD104B}.Release|Any CPU.ActiveCfg = Release|Any CPU
		{E76C2609-3A5B-42A0-AC54-78D0E2DD104B}.Release|Any CPU.Build.0 = Release|Any CPU
	EndGlobalSection
	GlobalSection(SolutionProperties) = preSolution
		HideSolutionNode = FALSE
	EndGlobalSection
	GlobalSection(ExtensibilityGlobals) = postSolution
		SolutionGuid = {54D803DE-D600-4C6A-BF5E-88EEC479F10A}
	EndGlobalSection
EndGlobal
